
Microsoft Visual Studio Solution File, Format Version 12.00
# Visual Studio Version 16
VisualStudioVersion = 16.0.29326.143
MinimumVisualStudioVersion = 10.0.40219.1
Project("{9A19103F-16F7-4668-BE54-9A1E7A4F7556}") = "AdventOfCode01", "AdventOfCode01\AdventOfCode01.csproj", "{F53980C7-5D92-4393-960D-1578BC2310F6}"
EndProject
Project("{9A19103F-16F7-4668-BE54-9A1E7A4F7556}") = "AdventOfCode01.Tests", "AdventOfCode01.Tests\AdventOfCode01.Tests.csproj", "{8914873B-38F5-4803-9F4D-B8A5B5317D4A}"
EndProject
Project("{2150E333-8FDC-42A3-9474-1A3956D46DE8}") = "Day01", "Day01", "{00AB2DB3-D2C5-4EA7-A8F7-9A3DD368A589}"
EndProject
Project("{2150E333-8FDC-42A3-9474-1A3956D46DE8}") = "Day02", "Day02", "{B90EE049-F2DB-4AA6-A2D2-3C3F273D6D7F}"
EndProject
Project("{9A19103F-16F7-4668-BE54-9A1E7A4F7556}") = "AdventOfCode02", "AdventOfCode02\AdventOfCode02.csproj", "{7B68EB76-5784-4730-B37B-1298A92B6F27}"
EndProject
Project("{9A19103F-16F7-4668-BE54-9A1E7A4F7556}") = "AdventOfCode02.Tests", "AdventOfCode02.Tests\AdventOfCode02.Tests.csproj", "{797171BC-4053-4AAA-AD0A-ABEE7F41497F}"
EndProject
Project("{2150E333-8FDC-42A3-9474-1A3956D46DE8}") = "Day03", "Day03", "{AEA4E8C6-8AE8-4759-BE3E-A8F43CF6C720}"
EndProject
Project("{9A19103F-16F7-4668-BE54-9A1E7A4F7556}") = "AdventOfCode03", "AdventOfCode03\AdventOfCode03.csproj", "{AB6C5FF7-822B-476D-B63C-8C41A95A6D51}"
EndProject
Project("{9A19103F-16F7-4668-BE54-9A1E7A4F7556}") = "AdventOfCode03.Tests", "AdventOfCode03.Tests\AdventOfCode03.Tests.csproj", "{4994C728-8F0A-4CC3-A8FA-595FC7CA8EF7}"
EndProject
Project("{2150E333-8FDC-42A3-9474-1A3956D46DE8}") = "Day04", "Day04", "{891D2998-ED57-4779-8287-D62DFB44DA32}"
EndProject
Project("{9A19103F-16F7-4668-BE54-9A1E7A4F7556}") = "AdventOfCode04", "AdventOfCode04\AdventOfCode04.csproj", "{4B7612B7-AD14-484F-93CC-E5B43E2950AB}"
EndProject
Project("{9A19103F-16F7-4668-BE54-9A1E7A4F7556}") = "AdventOfCode04.Tests", "AdventOfCode04.Tests\AdventOfCode04.Tests.csproj", "{0F14746C-93B2-427F-BBFE-55C123A80C88}"
EndProject
Project("{2150E333-8FDC-42A3-9474-1A3956D46DE8}") = "Day05", "Day05", "{318F7263-CFF7-4142-A915-60094F7FA0F6}"
EndProject
Project("{9A19103F-16F7-4668-BE54-9A1E7A4F7556}") = "AdventOfCode05.Tests", "AdventOfCode05.Tests\AdventOfCode05.Tests.csproj", "{E3B09F0B-EFA6-4E8E-986F-DF04B8C61AC7}"
EndProject
Project("{2150E333-8FDC-42A3-9474-1A3956D46DE8}") = "Day06", "Day06", "{5AC1B193-93DE-43DB-BF76-0A89AF2E59B2}"
EndProject
Project("{9A19103F-16F7-4668-BE54-9A1E7A4F7556}") = "AdventOfCode06.Tests", "AdventOfCode06.Tests\AdventOfCode06.Tests.csproj", "{EE36A73A-4FED-498F-B6A5-FC481E446585}"
EndProject
Project("{9A19103F-16F7-4668-BE54-9A1E7A4F7556}") = "AdventOfCode06", "AdventOfCode06\AdventOfCode06.csproj", "{7F5FF6CF-9F99-4AF7-9ECD-E0B6B29CC452}"
EndProject
Project("{2150E333-8FDC-42A3-9474-1A3956D46DE8}") = "Day07", "Day07", "{76F5A02D-A494-43C0-95A3-636DAE149C91}"
EndProject
Project("{9A19103F-16F7-4668-BE54-9A1E7A4F7556}") = "AdventOfCode07.Tests", "AdventOfCode07.Tests\AdventOfCode07.Tests.csproj", "{054F283D-1A5B-4153-B0F3-BCA0C41E9232}"
EndProject
Project("{9A19103F-16F7-4668-BE54-9A1E7A4F7556}") = "AdventOfCode07", "AdventOfCode07\AdventOfCode07.csproj", "{74FFF66D-2EA3-448E-83F9-71C37F30212C}"
EndProject
Project("{2150E333-8FDC-42A3-9474-1A3956D46DE8}") = "Day08", "Day08", "{5693AD45-88AB-4DAD-B683-60A45A92042D}"
EndProject
Project("{9A19103F-16F7-4668-BE54-9A1E7A4F7556}") = "AdventOfCode08.Tests", "AdventOfCode08.Tests\AdventOfCode08.Tests.csproj", "{C9E90BC1-8DEB-4984-B8E6-B5493E45E545}"
EndProject
Project("{2150E333-8FDC-42A3-9474-1A3956D46DE8}") = "Day09", "Day09", "{0E0C775B-D72A-49E3-874F-541293216463}"
EndProject
Project("{9A19103F-16F7-4668-BE54-9A1E7A4F7556}") = "AdventOfCode09.Tests", "AdventOfCode09.Tests\AdventOfCode09.Tests.csproj", "{6986E385-D9D6-4C86-9117-613E7C53242A}"
EndProject
Project("{2150E333-8FDC-42A3-9474-1A3956D46DE8}") = "Day10", "Day10", "{4A3488A8-1F11-4C03-BE57-F509D10901D9}"
EndProject
Project("{9A19103F-16F7-4668-BE54-9A1E7A4F7556}") = "AdventOfCode10.Tests", "AdventOfCode10.Tests\AdventOfCode10.Tests.csproj", "{D636CC59-F753-4D5A-8B89-122A0819D98B}"
EndProject
Project("{9A19103F-16F7-4668-BE54-9A1E7A4F7556}") = "AdventOfCode10", "AdventOfCode10\AdventOfCode10.csproj", "{3A34DBE6-281C-4348-93D0-6AF397F2FBA7}"
EndProject
Project("{2150E333-8FDC-42A3-9474-1A3956D46DE8}") = "Day11", "Day11", "{90E90927-7DB1-4D01-BC45-855050DB6A5B}"
EndProject
Project("{9A19103F-16F7-4668-BE54-9A1E7A4F7556}") = "AdventOfCode11.Tests", "AdventOfCode11.Tests\AdventOfCode11.Tests.csproj", "{ABD366ED-5981-4B1F-8179-34CB60B0224A}"
EndProject
Project("{9A19103F-16F7-4668-BE54-9A1E7A4F7556}") = "AdventOfCode11", "AdventOfCode11\AdventOfCode11.csproj", "{1829AD84-A015-4264-9159-D009E5D8F30F}"
EndProject
Project("{2150E333-8FDC-42A3-9474-1A3956D46DE8}") = "Day12", "Day12", "{CD7F9008-5E61-44EA-AED7-541E460AD321}"
EndProject
Project("{FAE04EC0-301F-11D3-BF4B-00C04F79EFBC}") = "AdventOfCode12.Tests", "AdventOfCode12.Tests\AdventOfCode12.Tests.csproj", "{C8982544-F73A-43BC-9C73-CBCAFB2CE65A}"
EndProject
Project("{FAE04EC0-301F-11D3-BF4B-00C04F79EFBC}") = "AdventOfCode12", "AdventOfCode12\AdventOfCode12.csproj", "{D1613226-BE2B-4D0E-BB55-0564DBDA654D}"
EndProject
Global
	GlobalSection(SolutionConfigurationPlatforms) = preSolution
		Debug|Any CPU = Debug|Any CPU
		Release|Any CPU = Release|Any CPU
	EndGlobalSection
	GlobalSection(ProjectConfigurationPlatforms) = postSolution
		{F53980C7-5D92-4393-960D-1578BC2310F6}.Debug|Any CPU.ActiveCfg = Debug|Any CPU
		{F53980C7-5D92-4393-960D-1578BC2310F6}.Debug|Any CPU.Build.0 = Debug|Any CPU
		{F53980C7-5D92-4393-960D-1578BC2310F6}.Release|Any CPU.ActiveCfg = Release|Any CPU
		{F53980C7-5D92-4393-960D-1578BC2310F6}.Release|Any CPU.Build.0 = Release|Any CPU
		{8914873B-38F5-4803-9F4D-B8A5B5317D4A}.Debug|Any CPU.ActiveCfg = Debug|Any CPU
		{8914873B-38F5-4803-9F4D-B8A5B5317D4A}.Debug|Any CPU.Build.0 = Debug|Any CPU
		{8914873B-38F5-4803-9F4D-B8A5B5317D4A}.Release|Any CPU.ActiveCfg = Release|Any CPU
		{8914873B-38F5-4803-9F4D-B8A5B5317D4A}.Release|Any CPU.Build.0 = Release|Any CPU
		{7B68EB76-5784-4730-B37B-1298A92B6F27}.Debug|Any CPU.ActiveCfg = Debug|Any CPU
		{7B68EB76-5784-4730-B37B-1298A92B6F27}.Debug|Any CPU.Build.0 = Debug|Any CPU
		{7B68EB76-5784-4730-B37B-1298A92B6F27}.Release|Any CPU.ActiveCfg = Release|Any CPU
		{7B68EB76-5784-4730-B37B-1298A92B6F27}.Release|Any CPU.Build.0 = Release|Any CPU
		{797171BC-4053-4AAA-AD0A-ABEE7F41497F}.Debug|Any CPU.ActiveCfg = Debug|Any CPU
		{797171BC-4053-4AAA-AD0A-ABEE7F41497F}.Debug|Any CPU.Build.0 = Debug|Any CPU
		{797171BC-4053-4AAA-AD0A-ABEE7F41497F}.Release|Any CPU.ActiveCfg = Release|Any CPU
		{797171BC-4053-4AAA-AD0A-ABEE7F41497F}.Release|Any CPU.Build.0 = Release|Any CPU
		{AB6C5FF7-822B-476D-B63C-8C41A95A6D51}.Debug|Any CPU.ActiveCfg = Debug|Any CPU
		{AB6C5FF7-822B-476D-B63C-8C41A95A6D51}.Debug|Any CPU.Build.0 = Debug|Any CPU
		{AB6C5FF7-822B-476D-B63C-8C41A95A6D51}.Release|Any CPU.ActiveCfg = Release|Any CPU
		{AB6C5FF7-822B-476D-B63C-8C41A95A6D51}.Release|Any CPU.Build.0 = Release|Any CPU
		{4994C728-8F0A-4CC3-A8FA-595FC7CA8EF7}.Debug|Any CPU.ActiveCfg = Debug|Any CPU
		{4994C728-8F0A-4CC3-A8FA-595FC7CA8EF7}.Debug|Any CPU.Build.0 = Debug|Any CPU
		{4994C728-8F0A-4CC3-A8FA-595FC7CA8EF7}.Release|Any CPU.ActiveCfg = Release|Any CPU
		{4994C728-8F0A-4CC3-A8FA-595FC7CA8EF7}.Release|Any CPU.Build.0 = Release|Any CPU
		{4B7612B7-AD14-484F-93CC-E5B43E2950AB}.Debug|Any CPU.ActiveCfg = Debug|Any CPU
		{4B7612B7-AD14-484F-93CC-E5B43E2950AB}.Debug|Any CPU.Build.0 = Debug|Any CPU
		{4B7612B7-AD14-484F-93CC-E5B43E2950AB}.Release|Any CPU.ActiveCfg = Release|Any CPU
		{4B7612B7-AD14-484F-93CC-E5B43E2950AB}.Release|Any CPU.Build.0 = Release|Any CPU
		{0F14746C-93B2-427F-BBFE-55C123A80C88}.Debug|Any CPU.ActiveCfg = Debug|Any CPU
		{0F14746C-93B2-427F-BBFE-55C123A80C88}.Debug|Any CPU.Build.0 = Debug|Any CPU
		{0F14746C-93B2-427F-BBFE-55C123A80C88}.Release|Any CPU.ActiveCfg = Release|Any CPU
		{0F14746C-93B2-427F-BBFE-55C123A80C88}.Release|Any CPU.Build.0 = Release|Any CPU
		{E3B09F0B-EFA6-4E8E-986F-DF04B8C61AC7}.Debug|Any CPU.ActiveCfg = Debug|Any CPU
		{E3B09F0B-EFA6-4E8E-986F-DF04B8C61AC7}.Debug|Any CPU.Build.0 = Debug|Any CPU
		{E3B09F0B-EFA6-4E8E-986F-DF04B8C61AC7}.Release|Any CPU.ActiveCfg = Release|Any CPU
		{E3B09F0B-EFA6-4E8E-986F-DF04B8C61AC7}.Release|Any CPU.Build.0 = Release|Any CPU
		{EE36A73A-4FED-498F-B6A5-FC481E446585}.Debug|Any CPU.ActiveCfg = Debug|Any CPU
		{EE36A73A-4FED-498F-B6A5-FC481E446585}.Debug|Any CPU.Build.0 = Debug|Any CPU
		{EE36A73A-4FED-498F-B6A5-FC481E446585}.Release|Any CPU.ActiveCfg = Release|Any CPU
		{EE36A73A-4FED-498F-B6A5-FC481E446585}.Release|Any CPU.Build.0 = Release|Any CPU
		{7F5FF6CF-9F99-4AF7-9ECD-E0B6B29CC452}.Debug|Any CPU.ActiveCfg = Debug|Any CPU
		{7F5FF6CF-9F99-4AF7-9ECD-E0B6B29CC452}.Debug|Any CPU.Build.0 = Debug|Any CPU
		{7F5FF6CF-9F99-4AF7-9ECD-E0B6B29CC452}.Release|Any CPU.ActiveCfg = Release|Any CPU
		{7F5FF6CF-9F99-4AF7-9ECD-E0B6B29CC452}.Release|Any CPU.Build.0 = Release|Any CPU
		{054F283D-1A5B-4153-B0F3-BCA0C41E9232}.Debug|Any CPU.ActiveCfg = Debug|Any CPU
		{054F283D-1A5B-4153-B0F3-BCA0C41E9232}.Debug|Any CPU.Build.0 = Debug|Any CPU
		{054F283D-1A5B-4153-B0F3-BCA0C41E9232}.Release|Any CPU.ActiveCfg = Release|Any CPU
		{054F283D-1A5B-4153-B0F3-BCA0C41E9232}.Release|Any CPU.Build.0 = Release|Any CPU
		{74FFF66D-2EA3-448E-83F9-71C37F30212C}.Debug|Any CPU.ActiveCfg = Debug|Any CPU
		{74FFF66D-2EA3-448E-83F9-71C37F30212C}.Debug|Any CPU.Build.0 = Debug|Any CPU
		{74FFF66D-2EA3-448E-83F9-71C37F30212C}.Release|Any CPU.ActiveCfg = Release|Any CPU
		{74FFF66D-2EA3-448E-83F9-71C37F30212C}.Release|Any CPU.Build.0 = Release|Any CPU
		{C9E90BC1-8DEB-4984-B8E6-B5493E45E545}.Debug|Any CPU.ActiveCfg = Debug|Any CPU
		{C9E90BC1-8DEB-4984-B8E6-B5493E45E545}.Debug|Any CPU.Build.0 = Debug|Any CPU
		{C9E90BC1-8DEB-4984-B8E6-B5493E45E545}.Release|Any CPU.ActiveCfg = Release|Any CPU
		{C9E90BC1-8DEB-4984-B8E6-B5493E45E545}.Release|Any CPU.Build.0 = Release|Any CPU
		{6986E385-D9D6-4C86-9117-613E7C53242A}.Debug|Any CPU.ActiveCfg = Debug|Any CPU
		{6986E385-D9D6-4C86-9117-613E7C53242A}.Debug|Any CPU.Build.0 = Debug|Any CPU
		{6986E385-D9D6-4C86-9117-613E7C53242A}.Release|Any CPU.ActiveCfg = Release|Any CPU
		{6986E385-D9D6-4C86-9117-613E7C53242A}.Release|Any CPU.Build.0 = Release|Any CPU
		{D636CC59-F753-4D5A-8B89-122A0819D98B}.Debug|Any CPU.ActiveCfg = Debug|Any CPU
		{D636CC59-F753-4D5A-8B89-122A0819D98B}.Debug|Any CPU.Build.0 = Debug|Any CPU
		{D636CC59-F753-4D5A-8B89-122A0819D98B}.Release|Any CPU.ActiveCfg = Release|Any CPU
		{D636CC59-F753-4D5A-8B89-122A0819D98B}.Release|Any CPU.Build.0 = Release|Any CPU
		{3A34DBE6-281C-4348-93D0-6AF397F2FBA7}.Debug|Any CPU.ActiveCfg = Debug|Any CPU
		{3A34DBE6-281C-4348-93D0-6AF397F2FBA7}.Debug|Any CPU.Build.0 = Debug|Any CPU
		{3A34DBE6-281C-4348-93D0-6AF397F2FBA7}.Release|Any CPU.ActiveCfg = Release|Any CPU
		{3A34DBE6-281C-4348-93D0-6AF397F2FBA7}.Release|Any CPU.Build.0 = Release|Any CPU
		{ABD366ED-5981-4B1F-8179-34CB60B0224A}.Debug|Any CPU.ActiveCfg = Debug|Any CPU
		{ABD366ED-5981-4B1F-8179-34CB60B0224A}.Debug|Any CPU.Build.0 = Debug|Any CPU
		{ABD366ED-5981-4B1F-8179-34CB60B0224A}.Release|Any CPU.ActiveCfg = Release|Any CPU
		{ABD366ED-5981-4B1F-8179-34CB60B0224A}.Release|Any CPU.Build.0 = Release|Any CPU
		{1829AD84-A015-4264-9159-D009E5D8F30F}.Debug|Any CPU.ActiveCfg = Debug|Any CPU
		{1829AD84-A015-4264-9159-D009E5D8F30F}.Debug|Any CPU.Build.0 = Debug|Any CPU
		{1829AD84-A015-4264-9159-D009E5D8F30F}.Release|Any CPU.ActiveCfg = Release|Any CPU
		{1829AD84-A015-4264-9159-D009E5D8F30F}.Release|Any CPU.Build.0 = Release|Any CPU
		{C8982544-F73A-43BC-9C73-CBCAFB2CE65A}.Debug|Any CPU.ActiveCfg = Debug|Any CPU
		{C8982544-F73A-43BC-9C73-CBCAFB2CE65A}.Debug|Any CPU.Build.0 = Debug|Any CPU
		{C8982544-F73A-43BC-9C73-CBCAFB2CE65A}.Release|Any CPU.ActiveCfg = Release|Any CPU
		{C8982544-F73A-43BC-9C73-CBCAFB2CE65A}.Release|Any CPU.Build.0 = Release|Any CPU
		{D1613226-BE2B-4D0E-BB55-0564DBDA654D}.Debug|Any CPU.ActiveCfg = Debug|Any CPU
		{D1613226-BE2B-4D0E-BB55-0564DBDA654D}.Debug|Any CPU.Build.0 = Debug|Any CPU
		{D1613226-BE2B-4D0E-BB55-0564DBDA654D}.Release|Any CPU.ActiveCfg = Release|Any CPU
		{D1613226-BE2B-4D0E-BB55-0564DBDA654D}.Release|Any CPU.Build.0 = Release|Any CPU
	EndGlobalSection
	GlobalSection(SolutionProperties) = preSolution
		HideSolutionNode = FALSE
	EndGlobalSection
	GlobalSection(NestedProjects) = preSolution
		{F53980C7-5D92-4393-960D-1578BC2310F6} = {00AB2DB3-D2C5-4EA7-A8F7-9A3DD368A589}
		{8914873B-38F5-4803-9F4D-B8A5B5317D4A} = {00AB2DB3-D2C5-4EA7-A8F7-9A3DD368A589}
		{7B68EB76-5784-4730-B37B-1298A92B6F27} = {B90EE049-F2DB-4AA6-A2D2-3C3F273D6D7F}
		{797171BC-4053-4AAA-AD0A-ABEE7F41497F} = {B90EE049-F2DB-4AA6-A2D2-3C3F273D6D7F}
		{AB6C5FF7-822B-476D-B63C-8C41A95A6D51} = {AEA4E8C6-8AE8-4759-BE3E-A8F43CF6C720}
		{4994C728-8F0A-4CC3-A8FA-595FC7CA8EF7} = {AEA4E8C6-8AE8-4759-BE3E-A8F43CF6C720}
		{4B7612B7-AD14-484F-93CC-E5B43E2950AB} = {891D2998-ED57-4779-8287-D62DFB44DA32}
		{0F14746C-93B2-427F-BBFE-55C123A80C88} = {891D2998-ED57-4779-8287-D62DFB44DA32}
		{E3B09F0B-EFA6-4E8E-986F-DF04B8C61AC7} = {318F7263-CFF7-4142-A915-60094F7FA0F6}
		{EE36A73A-4FED-498F-B6A5-FC481E446585} = {5AC1B193-93DE-43DB-BF76-0A89AF2E59B2}
		{7F5FF6CF-9F99-4AF7-9ECD-E0B6B29CC452} = {5AC1B193-93DE-43DB-BF76-0A89AF2E59B2}
		{054F283D-1A5B-4153-B0F3-BCA0C41E9232} = {76F5A02D-A494-43C0-95A3-636DAE149C91}
		{74FFF66D-2EA3-448E-83F9-71C37F30212C} = {76F5A02D-A494-43C0-95A3-636DAE149C91}
		{C9E90BC1-8DEB-4984-B8E6-B5493E45E545} = {5693AD45-88AB-4DAD-B683-60A45A92042D}
		{6986E385-D9D6-4C86-9117-613E7C53242A} = {0E0C775B-D72A-49E3-874F-541293216463}
		{D636CC59-F753-4D5A-8B89-122A0819D98B} = {4A3488A8-1F11-4C03-BE57-F509D10901D9}
		{3A34DBE6-281C-4348-93D0-6AF397F2FBA7} = {4A3488A8-1F11-4C03-BE57-F509D10901D9}
		{ABD366ED-5981-4B1F-8179-34CB60B0224A} = {90E90927-7DB1-4D01-BC45-855050DB6A5B}
		{1829AD84-A015-4264-9159-D009E5D8F30F} = {90E90927-7DB1-4D01-BC45-855050DB6A5B}
		{C8982544-F73A-43BC-9C73-CBCAFB2CE65A} = {CD7F9008-5E61-44EA-AED7-541E460AD321}
		{D1613226-BE2B-4D0E-BB55-0564DBDA654D} = {CD7F9008-5E61-44EA-AED7-541E460AD321}
	EndGlobalSection
	GlobalSection(ExtensibilityGlobals) = postSolution
		SolutionGuid = {9111B2CE-0E9C-4302-A9B7-C68DB0D865C4}
	EndGlobalSection
EndGlobal
