
Microsoft Visual Studio Solution File, Format Version 12.00
# Visual Studio Version 16
VisualStudioVersion = 16.0.29326.143
MinimumVisualStudioVersion = 10.0.40219.1
Project("{9A19103F-16F7-4668-BE54-9A1E7A4F7556}") = "AdventOfCode01", "AdventOfCode01\AdventOfCode01.csproj", "{F53980C7-5D92-4393-960D-1578BC2310F6}"
EndProject
Project("{9A19103F-16F7-4668-BE54-9A1E7A4F7556}") = "AdventOfCode01.Tests", "AdventOfCode01.Tests\AdventOfCode01.Tests.csproj", "{8914873B-38F5-4803-9F4D-B8A5B5317D4A}"
EndProject
Project("{2150E333-8FDC-42A3-9474-1A3956D46DE8}") = "Day01", "Day01", "{00AB2DB3-D2C5-4EA7-A8F7-9A3DD368A589}"
EndProject
Project("{2150E333-8FDC-42A3-9474-1A3956D46DE8}") = "Day02", "Day02", "{B90EE049-F2DB-4AA6-A2D2-3C3F273D6D7F}"
EndProject
Project("{FAE04EC0-301F-11D3-BF4B-00C04F79EFBC}") = "AdventOfCode02", "AgventOfCode02\AdventOfCode02.csproj", "{7B68EB76-5784-4730-B37B-1298A92B6F27}"
EndProject
Project("{FAE04EC0-301F-11D3-BF4B-00C04F79EFBC}") = "AdventOfCode02.Tests", "AdventOfCode02.Tests\AdventOfCode02.Tests.csproj", "{797171BC-4053-4AAA-AD0A-ABEE7F41497F}"
EndProject
Global
	GlobalSection(SolutionConfigurationPlatforms) = preSolution
		Debug|Any CPU = Debug|Any CPU
		Release|Any CPU = Release|Any CPU
	EndGlobalSection
	GlobalSection(ProjectConfigurationPlatforms) = postSolution
		{F53980C7-5D92-4393-960D-1578BC2310F6}.Debug|Any CPU.ActiveCfg = Debug|Any CPU
		{F53980C7-5D92-4393-960D-1578BC2310F6}.Debug|Any CPU.Build.0 = Debug|Any CPU
		{F53980C7-5D92-4393-960D-1578BC2310F6}.Release|Any CPU.ActiveCfg = Release|Any CPU
		{F53980C7-5D92-4393-960D-1578BC2310F6}.Release|Any CPU.Build.0 = Release|Any CPU
		{8914873B-38F5-4803-9F4D-B8A5B5317D4A}.Debug|Any CPU.ActiveCfg = Debug|Any CPU
		{8914873B-38F5-4803-9F4D-B8A5B5317D4A}.Debug|Any CPU.Build.0 = Debug|Any CPU
		{8914873B-38F5-4803-9F4D-B8A5B5317D4A}.Release|Any CPU.ActiveCfg = Release|Any CPU
		{8914873B-38F5-4803-9F4D-B8A5B5317D4A}.Release|Any CPU.Build.0 = Release|Any CPU
		{7B68EB76-5784-4730-B37B-1298A92B6F27}.Debug|Any CPU.ActiveCfg = Debug|Any CPU
		{7B68EB76-5784-4730-B37B-1298A92B6F27}.Debug|Any CPU.Build.0 = Debug|Any CPU
		{7B68EB76-5784-4730-B37B-1298A92B6F27}.Release|Any CPU.ActiveCfg = Release|Any CPU
		{7B68EB76-5784-4730-B37B-1298A92B6F27}.Release|Any CPU.Build.0 = Release|Any CPU
		{797171BC-4053-4AAA-AD0A-ABEE7F41497F}.Debug|Any CPU.ActiveCfg = Debug|Any CPU
		{797171BC-4053-4AAA-AD0A-ABEE7F41497F}.Debug|Any CPU.Build.0 = Debug|Any CPU
		{797171BC-4053-4AAA-AD0A-ABEE7F41497F}.Release|Any CPU.ActiveCfg = Release|Any CPU
		{797171BC-4053-4AAA-AD0A-ABEE7F41497F}.Release|Any CPU.Build.0 = Release|Any CPU
	EndGlobalSection
	GlobalSection(SolutionProperties) = preSolution
		HideSolutionNode = FALSE
	EndGlobalSection
	GlobalSection(NestedProjects) = preSolution
		{F53980C7-5D92-4393-960D-1578BC2310F6} = {00AB2DB3-D2C5-4EA7-A8F7-9A3DD368A589}
		{8914873B-38F5-4803-9F4D-B8A5B5317D4A} = {00AB2DB3-D2C5-4EA7-A8F7-9A3DD368A589}
		{7B68EB76-5784-4730-B37B-1298A92B6F27} = {B90EE049-F2DB-4AA6-A2D2-3C3F273D6D7F}
		{797171BC-4053-4AAA-AD0A-ABEE7F41497F} = {B90EE049-F2DB-4AA6-A2D2-3C3F273D6D7F}
	EndGlobalSection
	GlobalSection(ExtensibilityGlobals) = postSolution
		SolutionGuid = {9111B2CE-0E9C-4302-A9B7-C68DB0D865C4}
	EndGlobalSection
EndGlobal
